
Microsoft Visual Studio Solution File, Format Version 12.00
# Visual Studio Version 16
VisualStudioVersion = 16.0.31702.278
MinimumVisualStudioVersion = 10.0.40219.1
Project("{FAE04EC0-301F-11D3-BF4B-00C04F79EFBC}") = "ProxyDesignSolution", "ProxyDesignSolution\ProxyDesignSolution.csproj", "{77426887-3EB7-4C1B-B4F6-70767EB6DA62}"
EndProject
Global
	GlobalSection(SolutionConfigurationPlatforms) = preSolution
		Debug|Any CPU = Debug|Any CPU
		Release|Any CPU = Release|Any CPU
	EndGlobalSection
	GlobalSection(ProjectConfigurationPlatforms) = postSolution
		{77426887-3EB7-4C1B-B4F6-70767EB6DA62}.Debug|Any CPU.ActiveCfg = Debug|Any CPU
		{77426887-3EB7-4C1B-B4F6-70767EB6DA62}.Debug|Any CPU.Build.0 = Debug|Any CPU
		{77426887-3EB7-4C1B-B4F6-70767EB6DA62}.Release|Any CPU.ActiveCfg = Release|Any CPU
		{77426887-3EB7-4C1B-B4F6-70767EB6DA62}.Release|Any CPU.Build.0 = Release|Any CPU
	EndGlobalSection
	GlobalSection(SolutionProperties) = preSolution
		HideSolutionNode = FALSE
	EndGlobalSection
	GlobalSection(ExtensibilityGlobals) = postSolution
		SolutionGuid = {0E8E7925-6784-4587-9339-82E95D019279}
	EndGlobalSection
EndGlobal
