
Microsoft Visual Studio Solution File, Format Version 12.00
# Visual Studio Version 16
VisualStudioVersion = 16.0.31702.278
MinimumVisualStudioVersion = 10.0.40219.1
Project("{FAE04EC0-301F-11D3-BF4B-00C04F79EFBC}") = "GeneratorCompositePattern", "GeneratorCompositePattern\GeneratorCompositePattern.csproj", "{587ED8C9-5AA1-43B0-A8E2-8D21C4AA43B7}"
EndProject
Global
	GlobalSection(SolutionConfigurationPlatforms) = preSolution
		Debug|Any CPU = Debug|Any CPU
		Release|Any CPU = Release|Any CPU
	EndGlobalSection
	GlobalSection(ProjectConfigurationPlatforms) = postSolution
		{587ED8C9-5AA1-43B0-A8E2-8D21C4AA43B7}.Debug|Any CPU.ActiveCfg = Debug|Any CPU
		{587ED8C9-5AA1-43B0-A8E2-8D21C4AA43B7}.Debug|Any CPU.Build.0 = Debug|Any CPU
		{587ED8C9-5AA1-43B0-A8E2-8D21C4AA43B7}.Release|Any CPU.ActiveCfg = Release|Any CPU
		{587ED8C9-5AA1-43B0-A8E2-8D21C4AA43B7}.Release|Any CPU.Build.0 = Release|Any CPU
	EndGlobalSection
	GlobalSection(SolutionProperties) = preSolution
		HideSolutionNode = FALSE
	EndGlobalSection
	GlobalSection(ExtensibilityGlobals) = postSolution
		SolutionGuid = {05EC22D7-205E-4E40-B889-9A41C1110B27}
	EndGlobalSection
EndGlobal
