
Microsoft Visual Studio Solution File, Format Version 12.00
# Visual Studio Version 16
VisualStudioVersion = 16.0.31702.278
MinimumVisualStudioVersion = 10.0.40219.1
Project("{FAE04EC0-301F-11D3-BF4B-00C04F79EFBC}") = "FancyItemsExternalLib", "FancyItemsLib\FancyItemsExternalLib.csproj", "{02DBA272-48DA-4EF5-B0B6-4F97E6B45BA5}"
EndProject
Project("{FAE04EC0-301F-11D3-BF4B-00C04F79EFBC}") = "ShoppingCartClientApp", "ShoppingCartClientApp\ShoppingCartClientApp.csproj", "{F47C8871-D410-4708-AE8C-545C2B607A36}"
EndProject
Global
	GlobalSection(SolutionConfigurationPlatforms) = preSolution
		Debug|Any CPU = Debug|Any CPU
		Release|Any CPU = Release|Any CPU
	EndGlobalSection
	GlobalSection(ProjectConfigurationPlatforms) = postSolution
		{02DBA272-48DA-4EF5-B0B6-4F97E6B45BA5}.Debug|Any CPU.ActiveCfg = Debug|Any CPU
		{02DBA272-48DA-4EF5-B0B6-4F97E6B45BA5}.Debug|Any CPU.Build.0 = Debug|Any CPU
		{02DBA272-48DA-4EF5-B0B6-4F97E6B45BA5}.Release|Any CPU.ActiveCfg = Release|Any CPU
		{02DBA272-48DA-4EF5-B0B6-4F97E6B45BA5}.Release|Any CPU.Build.0 = Release|Any CPU
		{F47C8871-D410-4708-AE8C-545C2B607A36}.Debug|Any CPU.ActiveCfg = Debug|Any CPU
		{F47C8871-D410-4708-AE8C-545C2B607A36}.Debug|Any CPU.Build.0 = Debug|Any CPU
		{F47C8871-D410-4708-AE8C-545C2B607A36}.Release|Any CPU.ActiveCfg = Release|Any CPU
		{F47C8871-D410-4708-AE8C-545C2B607A36}.Release|Any CPU.Build.0 = Release|Any CPU
	EndGlobalSection
	GlobalSection(SolutionProperties) = preSolution
		HideSolutionNode = FALSE
	EndGlobalSection
	GlobalSection(ExtensibilityGlobals) = postSolution
		SolutionGuid = {7A6AD026-1CDC-414D-87D8-4CE80017B941}
	EndGlobalSection
EndGlobal
